// !$*UTF8*$!
{
	archiveVersion = 1;
	classes = {
	};
	objectVersion = 50;
	objects = {

/* Begin PBXBuildFile section */
		C092BFE624C6D10200BDBC2A /* AppDelegate.swift in Sources */ = {isa = PBXBuildFile; fileRef = C092BFE524C6D10200BDBC2A /* AppDelegate.swift */; };
		C092BFE824C6D10200BDBC2A /* SceneDelegate.swift in Sources */ = {isa = PBXBuildFile; fileRef = C092BFE724C6D10200BDBC2A /* SceneDelegate.swift */; };
		C092BFEA24C6D10200BDBC2A /* ViewController.swift in Sources */ = {isa = PBXBuildFile; fileRef = C092BFE924C6D10200BDBC2A /* ViewController.swift */; };
		C092BFED24C6D10200BDBC2A /* Main.storyboard in Resources */ = {isa = PBXBuildFile; fileRef = C092BFEB24C6D10200BDBC2A /* Main.storyboard */; };
		C092BFEF24C6D10500BDBC2A /* Assets.xcassets in Resources */ = {isa = PBXBuildFile; fileRef = C092BFEE24C6D10500BDBC2A /* Assets.xcassets */; };
		C092BFF224C6D10500BDBC2A /* LaunchScreen.storyboard in Resources */ = {isa = PBXBuildFile; fileRef = C092BFF024C6D10500BDBC2A /* LaunchScreen.storyboard */; };
		C092BFFD24C6D10500BDBC2A /* QRReader_PoCTests.swift in Sources */ = {isa = PBXBuildFile; fileRef = C092BFFC24C6D10500BDBC2A /* QRReader_PoCTests.swift */; };
		C092C00824C6D10500BDBC2A /* QRReader_PoCUITests.swift in Sources */ = {isa = PBXBuildFile; fileRef = C092C00724C6D10500BDBC2A /* QRReader_PoCUITests.swift */; };
		C092C01624C6D2D800BDBC2A /* QRScannerController.swift in Sources */ = {isa = PBXBuildFile; fileRef = C092C01524C6D2D800BDBC2A /* QRScannerController.swift */; };
		C092C01824C6D2EA00BDBC2A /* QRCodeViewController.swift in Sources */ = {isa = PBXBuildFile; fileRef = C092C01724C6D2EA00BDBC2A /* QRCodeViewController.swift */; };
/* End PBXBuildFile section */

/* Begin PBXContainerItemProxy section */
		C092BFF924C6D10500BDBC2A /* PBXContainerItemProxy */ = {
			isa = PBXContainerItemProxy;
			containerPortal = C092BFDA24C6D10200BDBC2A /* Project object */;
			proxyType = 1;
			remoteGlobalIDString = C092BFE124C6D10200BDBC2A;
			remoteInfo = QRReader_PoC;
		};
		C092C00424C6D10500BDBC2A /* PBXContainerItemProxy */ = {
			isa = PBXContainerItemProxy;
			containerPortal = C092BFDA24C6D10200BDBC2A /* Project object */;
			proxyType = 1;
			remoteGlobalIDString = C092BFE124C6D10200BDBC2A;
			remoteInfo = QRReader_PoC;
		};
/* End PBXContainerItemProxy section */

/* Begin PBXFileReference section */
		C092BFE224C6D10200BDBC2A /* QRReader_PoC.app */ = {isa = PBXFileReference; explicitFileType = wrapper.application; includeInIndex = 0; path = QRReader_PoC.app; sourceTree = BUILT_PRODUCTS_DIR; };
		C092BFE524C6D10200BDBC2A /* AppDelegate.swift */ = {isa = PBXFileReference; lastKnownFileType = sourcecode.swift; path = AppDelegate.swift; sourceTree = "<group>"; };
		C092BFE724C6D10200BDBC2A /* SceneDelegate.swift */ = {isa = PBXFileReference; lastKnownFileType = sourcecode.swift; path = SceneDelegate.swift; sourceTree = "<group>"; };
		C092BFE924C6D10200BDBC2A /* ViewController.swift */ = {isa = PBXFileReference; lastKnownFileType = sourcecode.swift; path = ViewController.swift; sourceTree = "<group>"; };
		C092BFEC24C6D10200BDBC2A /* Base */ = {isa = PBXFileReference; lastKnownFileType = file.storyboard; name = Base; path = Base.lproj/Main.storyboard; sourceTree = "<group>"; };
		C092BFEE24C6D10500BDBC2A /* Assets.xcassets */ = {isa = PBXFileReference; lastKnownFileType = folder.assetcatalog; path = Assets.xcassets; sourceTree = "<group>"; };
		C092BFF124C6D10500BDBC2A /* Base */ = {isa = PBXFileReference; lastKnownFileType = file.storyboard; name = Base; path = Base.lproj/LaunchScreen.storyboard; sourceTree = "<group>"; };
		C092BFF324C6D10500BDBC2A /* Info.plist */ = {isa = PBXFileReference; lastKnownFileType = text.plist.xml; path = Info.plist; sourceTree = "<group>"; };
		C092BFF824C6D10500BDBC2A /* QRReader_PoCTests.xctest */ = {isa = PBXFileReference; explicitFileType = wrapper.cfbundle; includeInIndex = 0; path = QRReader_PoCTests.xctest; sourceTree = BUILT_PRODUCTS_DIR; };
		C092BFFC24C6D10500BDBC2A /* QRReader_PoCTests.swift */ = {isa = PBXFileReference; lastKnownFileType = sourcecode.swift; path = QRReader_PoCTests.swift; sourceTree = "<group>"; };
		C092BFFE24C6D10500BDBC2A /* Info.plist */ = {isa = PBXFileReference; lastKnownFileType = text.plist.xml; path = Info.plist; sourceTree = "<group>"; };
		C092C00324C6D10500BDBC2A /* QRReader_PoCUITests.xctest */ = {isa = PBXFileReference; explicitFileType = wrapper.cfbundle; includeInIndex = 0; path = QRReader_PoCUITests.xctest; sourceTree = BUILT_PRODUCTS_DIR; };
		C092C00724C6D10500BDBC2A /* QRReader_PoCUITests.swift */ = {isa = PBXFileReference; lastKnownFileType = sourcecode.swift; path = QRReader_PoCUITests.swift; sourceTree = "<group>"; };
		C092C00924C6D10500BDBC2A /* Info.plist */ = {isa = PBXFileReference; lastKnownFileType = text.plist.xml; path = Info.plist; sourceTree = "<group>"; };
		C092C01524C6D2D800BDBC2A /* QRScannerController.swift */ = {isa = PBXFileReference; lastKnownFileType = sourcecode.swift; path = QRScannerController.swift; sourceTree = "<group>"; };
		C092C01724C6D2EA00BDBC2A /* QRCodeViewController.swift */ = {isa = PBXFileReference; lastKnownFileType = sourcecode.swift; path = QRCodeViewController.swift; sourceTree = "<group>"; };
/* End PBXFileReference section */

/* Begin PBXFrameworksBuildPhase section */
		C092BFDF24C6D10200BDBC2A /* Frameworks */ = {
			isa = PBXFrameworksBuildPhase;
			buildActionMask = 2147483647;
			files = (
			);
			runOnlyForDeploymentPostprocessing = 0;
		};
		C092BFF524C6D10500BDBC2A /* Frameworks */ = {
			isa = PBXFrameworksBuildPhase;
			buildActionMask = 2147483647;
			files = (
			);
			runOnlyForDeploymentPostprocessing = 0;
		};
		C092C00024C6D10500BDBC2A /* Frameworks */ = {
			isa = PBXFrameworksBuildPhase;
			buildActionMask = 2147483647;
			files = (
			);
			runOnlyForDeploymentPostprocessing = 0;
		};
/* End PBXFrameworksBuildPhase section */

/* Begin PBXGroup section */
		C092BFD924C6D10200BDBC2A = {
			isa = PBXGroup;
			children = (
				C092BFE424C6D10200BDBC2A /* QRReader_PoC */,
				C092BFFB24C6D10500BDBC2A /* QRReader_PoCTests */,
				C092C00624C6D10500BDBC2A /* QRReader_PoCUITests */,
				C092BFE324C6D10200BDBC2A /* Products */,
			);
			sourceTree = "<group>";
		};
		C092BFE324C6D10200BDBC2A /* Products */ = {
			isa = PBXGroup;
			children = (
				C092BFE224C6D10200BDBC2A /* QRReader_PoC.app */,
				C092BFF824C6D10500BDBC2A /* QRReader_PoCTests.xctest */,
				C092C00324C6D10500BDBC2A /* QRReader_PoCUITests.xctest */,
			);
			name = Products;
			sourceTree = "<group>";
		};
		C092BFE424C6D10200BDBC2A /* QRReader_PoC */ = {
			isa = PBXGroup;
			children = (
				C092BFE524C6D10200BDBC2A /* AppDelegate.swift */,
				C092BFE724C6D10200BDBC2A /* SceneDelegate.swift */,
				C092BFE924C6D10200BDBC2A /* ViewController.swift */,
				C092BFEB24C6D10200BDBC2A /* Main.storyboard */,
				C092C01524C6D2D800BDBC2A /* QRScannerController.swift */,
				C092C01724C6D2EA00BDBC2A /* QRCodeViewController.swift */,
				C092BFEE24C6D10500BDBC2A /* Assets.xcassets */,
				C092BFF024C6D10500BDBC2A /* LaunchScreen.storyboard */,
				C092BFF324C6D10500BDBC2A /* Info.plist */,
			);
			path = QRReader_PoC;
			sourceTree = "<group>";
		};
		C092BFFB24C6D10500BDBC2A /* QRReader_PoCTests */ = {
			isa = PBXGroup;
			children = (
				C092BFFC24C6D10500BDBC2A /* QRReader_PoCTests.swift */,
				C092BFFE24C6D10500BDBC2A /* Info.plist */,
			);
			path = QRReader_PoCTests;
			sourceTree = "<group>";
		};
		C092C00624C6D10500BDBC2A /* QRReader_PoCUITests */ = {
			isa = PBXGroup;
			children = (
				C092C00724C6D10500BDBC2A /* QRReader_PoCUITests.swift */,
				C092C00924C6D10500BDBC2A /* Info.plist */,
			);
			path = QRReader_PoCUITests;
			sourceTree = "<group>";
		};
/* End PBXGroup section */

/* Begin PBXNativeTarget section */
		C092BFE124C6D10200BDBC2A /* QRReader_PoC */ = {
			isa = PBXNativeTarget;
			buildConfigurationList = C092C00C24C6D10500BDBC2A /* Build configuration list for PBXNativeTarget "QRReader_PoC" */;
			buildPhases = (
				C092BFDE24C6D10200BDBC2A /* Sources */,
				C092BFDF24C6D10200BDBC2A /* Frameworks */,
				C092BFE024C6D10200BDBC2A /* Resources */,
			);
			buildRules = (
			);
			dependencies = (
			);
			name = QRReader_PoC;
			productName = QRReader_PoC;
			productReference = C092BFE224C6D10200BDBC2A /* QRReader_PoC.app */;
			productType = "com.apple.product-type.application";
		};
		C092BFF724C6D10500BDBC2A /* QRReader_PoCTests */ = {
			isa = PBXNativeTarget;
			buildConfigurationList = C092C00F24C6D10500BDBC2A /* Build configuration list for PBXNativeTarget "QRReader_PoCTests" */;
			buildPhases = (
				C092BFF424C6D10500BDBC2A /* Sources */,
				C092BFF524C6D10500BDBC2A /* Frameworks */,
				C092BFF624C6D10500BDBC2A /* Resources */,
			);
			buildRules = (
			);
			dependencies = (
				C092BFFA24C6D10500BDBC2A /* PBXTargetDependency */,
			);
			name = QRReader_PoCTests;
			productName = QRReader_PoCTests;
			productReference = C092BFF824C6D10500BDBC2A /* QRReader_PoCTests.xctest */;
			productType = "com.apple.product-type.bundle.unit-test";
		};
		C092C00224C6D10500BDBC2A /* QRReader_PoCUITests */ = {
			isa = PBXNativeTarget;
			buildConfigurationList = C092C01224C6D10500BDBC2A /* Build configuration list for PBXNativeTarget "QRReader_PoCUITests" */;
			buildPhases = (
				C092BFFF24C6D10500BDBC2A /* Sources */,
				C092C00024C6D10500BDBC2A /* Frameworks */,
				C092C00124C6D10500BDBC2A /* Resources */,
			);
			buildRules = (
			);
			dependencies = (
				C092C00524C6D10500BDBC2A /* PBXTargetDependency */,
			);
			name = QRReader_PoCUITests;
			productName = QRReader_PoCUITests;
			productReference = C092C00324C6D10500BDBC2A /* QRReader_PoCUITests.xctest */;
			productType = "com.apple.product-type.bundle.ui-testing";
		};
/* End PBXNativeTarget section */

/* Begin PBXProject section */
		C092BFDA24C6D10200BDBC2A /* Project object */ = {
			isa = PBXProject;
			attributes = {
				LastSwiftUpdateCheck = 1140;
				LastUpgradeCheck = 1140;
				ORGANIZATIONNAME = eversense;
				TargetAttributes = {
					C092BFE124C6D10200BDBC2A = {
						CreatedOnToolsVersion = 11.4.1;
					};
					C092BFF724C6D10500BDBC2A = {
						CreatedOnToolsVersion = 11.4.1;
						TestTargetID = C092BFE124C6D10200BDBC2A;
					};
					C092C00224C6D10500BDBC2A = {
						CreatedOnToolsVersion = 11.4.1;
						TestTargetID = C092BFE124C6D10200BDBC2A;
					};
				};
			};
			buildConfigurationList = C092BFDD24C6D10200BDBC2A /* Build configuration list for PBXProject "QRReader_PoC" */;
			compatibilityVersion = "Xcode 9.3";
			developmentRegion = en;
			hasScannedForEncodings = 0;
			knownRegions = (
				en,
				Base,
			);
			mainGroup = C092BFD924C6D10200BDBC2A;
			productRefGroup = C092BFE324C6D10200BDBC2A /* Products */;
			projectDirPath = "";
			projectRoot = "";
			targets = (
				C092BFE124C6D10200BDBC2A /* QRReader_PoC */,
				C092BFF724C6D10500BDBC2A /* QRReader_PoCTests */,
				C092C00224C6D10500BDBC2A /* QRReader_PoCUITests */,
			);
		};
/* End PBXProject section */

/* Begin PBXResourcesBuildPhase section */
		C092BFE024C6D10200BDBC2A /* Resources */ = {
			isa = PBXResourcesBuildPhase;
			buildActionMask = 2147483647;
			files = (
				C092BFF224C6D10500BDBC2A /* LaunchScreen.storyboard in Resources */,
				C092BFEF24C6D10500BDBC2A /* Assets.xcassets in Resources */,
				C092BFED24C6D10200BDBC2A /* Main.storyboard in Resources */,
			);
			runOnlyForDeploymentPostprocessing = 0;
		};
		C092BFF624C6D10500BDBC2A /* Resources */ = {
			isa = PBXResourcesBuildPhase;
			buildActionMask = 2147483647;
			files = (
			);
			runOnlyForDeploymentPostprocessing = 0;
		};
		C092C00124C6D10500BDBC2A /* Resources */ = {
			isa = PBXResourcesBuildPhase;
			buildActionMask = 2147483647;
			files = (
			);
			runOnlyForDeploymentPostprocessing = 0;
		};
/* End PBXResourcesBuildPhase section */

/* Begin PBXSourcesBuildPhase section */
		C092BFDE24C6D10200BDBC2A /* Sources */ = {
			isa = PBXSourcesBuildPhase;
			buildActionMask = 2147483647;
			files = (
				C092BFEA24C6D10200BDBC2A /* ViewController.swift in Sources */,
				C092C01624C6D2D800BDBC2A /* QRScannerController.swift in Sources */,
				C092BFE624C6D10200BDBC2A /* AppDelegate.swift in Sources */,
				C092BFE824C6D10200BDBC2A /* SceneDelegate.swift in Sources */,
				C092C01824C6D2EA00BDBC2A /* QRCodeViewController.swift in Sources */,
			);
			runOnlyForDeploymentPostprocessing = 0;
		};
		C092BFF424C6D10500BDBC2A /* Sources */ = {
			isa = PBXSourcesBuildPhase;
			buildActionMask = 2147483647;
			files = (
				C092BFFD24C6D10500BDBC2A /* QRReader_PoCTests.swift in Sources */,
			);
			runOnlyForDeploymentPostprocessing = 0;
		};
		C092BFFF24C6D10500BDBC2A /* Sources */ = {
			isa = PBXSourcesBuildPhase;
			buildActionMask = 2147483647;
			files = (
				C092C00824C6D10500BDBC2A /* QRReader_PoCUITests.swift in Sources */,
			);
			runOnlyForDeploymentPostprocessing = 0;
		};
/* End PBXSourcesBuildPhase section */

/* Begin PBXTargetDependency section */
		C092BFFA24C6D10500BDBC2A /* PBXTargetDependency */ = {
			isa = PBXTargetDependency;
			target = C092BFE124C6D10200BDBC2A /* QRReader_PoC */;
			targetProxy = C092BFF924C6D10500BDBC2A /* PBXContainerItemProxy */;
		};
		C092C00524C6D10500BDBC2A /* PBXTargetDependency */ = {
			isa = PBXTargetDependency;
			target = C092BFE124C6D10200BDBC2A /* QRReader_PoC */;
			targetProxy = C092C00424C6D10500BDBC2A /* PBXContainerItemProxy */;
		};
/* End PBXTargetDependency section */

/* Begin PBXVariantGroup section */
		C092BFEB24C6D10200BDBC2A /* Main.storyboard */ = {
			isa = PBXVariantGroup;
			children = (
				C092BFEC24C6D10200BDBC2A /* Base */,
			);
			name = Main.storyboard;
			sourceTree = "<group>";
		};
		C092BFF024C6D10500BDBC2A /* LaunchScreen.storyboard */ = {
			isa = PBXVariantGroup;
			children = (
				C092BFF124C6D10500BDBC2A /* Base */,
			);
			name = LaunchScreen.storyboard;
			sourceTree = "<group>";
		};
/* End PBXVariantGroup section */

/* Begin XCBuildConfiguration section */
		C092C00A24C6D10500BDBC2A /* Debug */ = {
			isa = XCBuildConfiguration;
			buildSettings = {
				ALWAYS_SEARCH_USER_PATHS = NO;
				CLANG_ANALYZER_NONNULL = YES;
				CLANG_ANALYZER_NUMBER_OBJECT_CONVERSION = YES_AGGRESSIVE;
				CLANG_CXX_LANGUAGE_STANDARD = "gnu++14";
				CLANG_CXX_LIBRARY = "libc++";
				CLANG_ENABLE_MODULES = YES;
				CLANG_ENABLE_OBJC_ARC = YES;
				CLANG_ENABLE_OBJC_WEAK = YES;
				CLANG_WARN_BLOCK_CAPTURE_AUTORELEASING = YES;
				CLANG_WARN_BOOL_CONVERSION = YES;
				CLANG_WARN_COMMA = YES;
				CLANG_WARN_CONSTANT_CONVERSION = YES;
				CLANG_WARN_DEPRECATED_OBJC_IMPLEMENTATIONS = YES;
				CLANG_WARN_DIRECT_OBJC_ISA_USAGE = YES_ERROR;
				CLANG_WARN_DOCUMENTATION_COMMENTS = YES;
				CLANG_WARN_EMPTY_BODY = YES;
				CLANG_WARN_ENUM_CONVERSION = YES;
				CLANG_WARN_INFINITE_RECURSION = YES;
				CLANG_WARN_INT_CONVERSION = YES;
				CLANG_WARN_NON_LITERAL_NULL_CONVERSION = YES;
				CLANG_WARN_OBJC_IMPLICIT_RETAIN_SELF = YES;
				CLANG_WARN_OBJC_LITERAL_CONVERSION = YES;
				CLANG_WARN_OBJC_ROOT_CLASS = YES_ERROR;
				CLANG_WARN_RANGE_LOOP_ANALYSIS = YES;
				CLANG_WARN_STRICT_PROTOTYPES = YES;
				CLANG_WARN_SUSPICIOUS_MOVE = YES;
				CLANG_WARN_UNGUARDED_AVAILABILITY = YES_AGGRESSIVE;
				CLANG_WARN_UNREACHABLE_CODE = YES;
				CLANG_WARN__DUPLICATE_METHOD_MATCH = YES;
				COPY_PHASE_STRIP = NO;
				DEBUG_INFORMATION_FORMAT = dwarf;
				ENABLE_STRICT_OBJC_MSGSEND = YES;
				ENABLE_TESTABILITY = YES;
				GCC_C_LANGUAGE_STANDARD = gnu11;
				GCC_DYNAMIC_NO_PIC = NO;
				GCC_NO_COMMON_BLOCKS = YES;
				GCC_OPTIMIZATION_LEVEL = 0;
				GCC_PREPROCESSOR_DEFINITIONS = (
					"DEBUG=1",
					"$(inherited)",
				);
				GCC_WARN_64_TO_32_BIT_CONVERSION = YES;
				GCC_WARN_ABOUT_RETURN_TYPE = YES_ERROR;
				GCC_WARN_UNDECLARED_SELECTOR = YES;
				GCC_WARN_UNINITIALIZED_AUTOS = YES_AGGRESSIVE;
				GCC_WARN_UNUSED_FUNCTION = YES;
				GCC_WARN_UNUSED_VARIABLE = YES;
				IPHONEOS_DEPLOYMENT_TARGET = 13.4;
				MTL_ENABLE_DEBUG_INFO = INCLUDE_SOURCE;
				MTL_FAST_MATH = YES;
				ONLY_ACTIVE_ARCH = YES;
				SDKROOT = iphoneos;
				SWIFT_ACTIVE_COMPILATION_CONDITIONS = DEBUG;
				SWIFT_OPTIMIZATION_LEVEL = "-Onone";
			};
			name = Debug;
		};
		C092C00B24C6D10500BDBC2A /* Release */ = {
			isa = XCBuildConfiguration;
			buildSettings = {
				ALWAYS_SEARCH_USER_PATHS = NO;
				CLANG_ANALYZER_NONNULL = YES;
				CLANG_ANALYZER_NUMBER_OBJECT_CONVERSION = YES_AGGRESSIVE;
				CLANG_CXX_LANGUAGE_STANDARD = "gnu++14";
				CLANG_CXX_LIBRARY = "libc++";
				CLANG_ENABLE_MODULES = YES;
				CLANG_ENABLE_OBJC_ARC = YES;
				CLANG_ENABLE_OBJC_WEAK = YES;
				CLANG_WARN_BLOCK_CAPTURE_AUTORELEASING = YES;
				CLANG_WARN_BOOL_CONVERSION = YES;
				CLANG_WARN_COMMA = YES;
				CLANG_WARN_CONSTANT_CONVERSION = YES;
				CLANG_WARN_DEPRECATED_OBJC_IMPLEMENTATIONS = YES;
				CLANG_WARN_DIRECT_OBJC_ISA_USAGE = YES_ERROR;
				CLANG_WARN_DOCUMENTATION_COMMENTS = YES;
				CLANG_WARN_EMPTY_BODY = YES;
				CLANG_WARN_ENUM_CONVERSION = YES;
				CLANG_WARN_INFINITE_RECURSION = YES;
				CLANG_WARN_INT_CONVERSION = YES;
				CLANG_WARN_NON_LITERAL_NULL_CONVERSION = YES;
				CLANG_WARN_OBJC_IMPLICIT_RETAIN_SELF = YES;
				CLANG_WARN_OBJC_LITERAL_CONVERSION = YES;
				CLANG_WARN_OBJC_ROOT_CLASS = YES_ERROR;
				CLANG_WARN_RANGE_LOOP_ANALYSIS = YES;
				CLANG_WARN_STRICT_PROTOTYPES = YES;
				CLANG_WARN_SUSPICIOUS_MOVE = YES;
				CLANG_WARN_UNGUARDED_AVAILABILITY = YES_AGGRESSIVE;
				CLANG_WARN_UNREACHABLE_CODE = YES;
				CLANG_WARN__DUPLICATE_METHOD_MATCH = YES;
				COPY_PHASE_STRIP = NO;
				DEBUG_INFORMATION_FORMAT = "dwarf-with-dsym";
				ENABLE_NS_ASSERTIONS = NO;
				ENABLE_STRICT_OBJC_MSGSEND = YES;
				GCC_C_LANGUAGE_STANDARD = gnu11;
				GCC_NO_COMMON_BLOCKS = YES;
				GCC_WARN_64_TO_32_BIT_CONVERSION = YES;
				GCC_WARN_ABOUT_RETURN_TYPE = YES_ERROR;
				GCC_WARN_UNDECLARED_SELECTOR = YES;
				GCC_WARN_UNINITIALIZED_AUTOS = YES_AGGRESSIVE;
				GCC_WARN_UNUSED_FUNCTION = YES;
				GCC_WARN_UNUSED_VARIABLE = YES;
				IPHONEOS_DEPLOYMENT_TARGET = 13.4;
				MTL_ENABLE_DEBUG_INFO = NO;
				MTL_FAST_MATH = YES;
				SDKROOT = iphoneos;
				SWIFT_COMPILATION_MODE = wholemodule;
				SWIFT_OPTIMIZATION_LEVEL = "-O";
				VALIDATE_PRODUCT = YES;
			};
			name = Release;
		};
		C092C00D24C6D10500BDBC2A /* Debug */ = {
			isa = XCBuildConfiguration;
			buildSettings = {
				ASSETCATALOG_COMPILER_APPICON_NAME = AppIcon;
				CODE_SIGN_STYLE = Automatic;
				DEVELOPMENT_TEAM = H9632ZD4NL;
				INFOPLIST_FILE = QRReader_PoC/Info.plist;
				LD_RUNPATH_SEARCH_PATHS = (
					"$(inherited)",
					"@executable_path/Frameworks",
				);
				PRODUCT_BUNDLE_IDENTIFIER = "jp.co.eversense.QRReader-PoC";
				PRODUCT_NAME = "$(TARGET_NAME)";
				SWIFT_VERSION = 5.0;
				TARGETED_DEVICE_FAMILY = "1,2";
			};
			name = Debug;
		};
		C092C00E24C6D10500BDBC2A /* Release */ = {
			isa = XCBuildConfiguration;
			buildSettings = {
				ASSETCATALOG_COMPILER_APPICON_NAME = AppIcon;
				CODE_SIGN_STYLE = Automatic;
				DEVELOPMENT_TEAM = H9632ZD4NL;
				INFOPLIST_FILE = QRReader_PoC/Info.plist;
				LD_RUNPATH_SEARCH_PATHS = (
					"$(inherited)",
					"@executable_path/Frameworks",
				);
				PRODUCT_BUNDLE_IDENTIFIER = "jp.co.eversense.QRReader-PoC";
				PRODUCT_NAME = "$(TARGET_NAME)";
				SWIFT_VERSION = 5.0;
				TARGETED_DEVICE_FAMILY = "1,2";
			};
			name = Release;
		};
		C092C01024C6D10500BDBC2A /* Debug */ = {
			isa = XCBuildConfiguration;
			buildSettings = {
				ALWAYS_EMBED_SWIFT_STANDARD_LIBRARIES = YES;
				BUNDLE_LOADER = "$(TEST_HOST)";
				CODE_SIGN_STYLE = Automatic;
				DEVELOPMENT_TEAM = H9632ZD4NL;
				INFOPLIST_FILE = QRReader_PoCTests/Info.plist;
				IPHONEOS_DEPLOYMENT_TARGET = 13.4;
				LD_RUNPATH_SEARCH_PATHS = (
					"$(inherited)",
					"@executable_path/Frameworks",
					"@loader_path/Frameworks",
				);
				PRODUCT_BUNDLE_IDENTIFIER = "jp.co.eversense.QRReader-PoCTests";
				PRODUCT_NAME = "$(TARGET_NAME)";
				SWIFT_VERSION = 5.0;
				TARGETED_DEVICE_FAMILY = "1,2";
				TEST_HOST = "$(BUILT_PRODUCTS_DIR)/QRReader_PoC.app/QRReader_PoC";
			};
			name = Debug;
		};
		C092C01124C6D10500BDBC2A /* Release */ = {
			isa = XCBuildConfiguration;
			buildSettings = {
				ALWAYS_EMBED_SWIFT_STANDARD_LIBRARIES = YES;
				BUNDLE_LOADER = "$(TEST_HOST)";
				CODE_SIGN_STYLE = Automatic;
				DEVELOPMENT_TEAM = H9632ZD4NL;
				INFOPLIST_FILE = QRReader_PoCTests/Info.plist;
				IPHONEOS_DEPLOYMENT_TARGET = 13.4;
				LD_RUNPATH_SEARCH_PATHS = (
					"$(inherited)",
					"@executable_path/Frameworks",
					"@loader_path/Frameworks",
				);
				PRODUCT_BUNDLE_IDENTIFIER = "jp.co.eversense.QRReader-PoCTests";
				PRODUCT_NAME = "$(TARGET_NAME)";
				SWIFT_VERSION = 5.0;
				TARGETED_DEVICE_FAMILY = "1,2";
				TEST_HOST = "$(BUILT_PRODUCTS_DIR)/QRReader_PoC.app/QRReader_PoC";
			};
			name = Release;
		};
		C092C01324C6D10500BDBC2A /* Debug */ = {
			isa = XCBuildConfiguration;
			buildSettings = {
				ALWAYS_EMBED_SWIFT_STANDARD_LIBRARIES = YES;
				CODE_SIGN_STYLE = Automatic;
				DEVELOPMENT_TEAM = H9632ZD4NL;
				INFOPLIST_FILE = QRReader_PoCUITests/Info.plist;
				LD_RUNPATH_SEARCH_PATHS = (
					"$(inherited)",
					"@executable_path/Frameworks",
					"@loader_path/Frameworks",
				);
				PRODUCT_BUNDLE_IDENTIFIER = "jp.co.eversense.QRReader-PoCUITests";
				PRODUCT_NAME = "$(TARGET_NAME)";
				SWIFT_VERSION = 5.0;
				TARGETED_DEVICE_FAMILY = "1,2";
				TEST_TARGET_NAME = QRReader_PoC;
			};
			name = Debug;
		};
		C092C01424C6D10500BDBC2A /* Release */ = {
			isa = XCBuildConfiguration;
			buildSettings = {
				ALWAYS_EMBED_SWIFT_STANDARD_LIBRARIES = YES;
				CODE_SIGN_STYLE = Automatic;
				DEVELOPMENT_TEAM = H9632ZD4NL;
				INFOPLIST_FILE = QRReader_PoCUITests/Info.plist;
				LD_RUNPATH_SEARCH_PATHS = (
					"$(inherited)",
					"@executable_path/Frameworks",
					"@loader_path/Frameworks",
				);
				PRODUCT_BUNDLE_IDENTIFIER = "jp.co.eversense.QRReader-PoCUITests";
				PRODUCT_NAME = "$(TARGET_NAME)";
				SWIFT_VERSION = 5.0;
				TARGETED_DEVICE_FAMILY = "1,2";
				TEST_TARGET_NAME = QRReader_PoC;
			};
			name = Release;
		};
/* End XCBuildConfiguration section */

/* Begin XCConfigurationList section */
		C092BFDD24C6D10200BDBC2A /* Build configuration list for PBXProject "QRReader_PoC" */ = {
			isa = XCConfigurationList;
			buildConfigurations = (
				C092C00A24C6D10500BDBC2A /* Debug */,
				C092C00B24C6D10500BDBC2A /* Release */,
			);
			defaultConfigurationIsVisible = 0;
			defaultConfigurationName = Release;
		};
		C092C00C24C6D10500BDBC2A /* Build configuration list for PBXNativeTarget "QRReader_PoC" */ = {
			isa = XCConfigurationList;
			buildConfigurations = (
				C092C00D24C6D10500BDBC2A /* Debug */,
				C092C00E24C6D10500BDBC2A /* Release */,
			);
			defaultConfigurationIsVisible = 0;
			defaultConfigurationName = Release;
		};
		C092C00F24C6D10500BDBC2A /* Build configuration list for PBXNativeTarget "QRReader_PoCTests" */ = {
			isa = XCConfigurationList;
			buildConfigurations = (
				C092C01024C6D10500BDBC2A /* Debug */,
				C092C01124C6D10500BDBC2A /* Release */,
			);
			defaultConfigurationIsVisible = 0;
			defaultConfigurationName = Release;
		};
		C092C01224C6D10500BDBC2A /* Build configuration list for PBXNativeTarget "QRReader_PoCUITests" */ = {
			isa = XCConfigurationList;
			buildConfigurations = (
				C092C01324C6D10500BDBC2A /* Debug */,
				C092C01424C6D10500BDBC2A /* Release */,
			);
			defaultConfigurationIsVisible = 0;
			defaultConfigurationName = Release;
		};
/* End XCConfigurationList section */
	};
	rootObject = C092BFDA24C6D10200BDBC2A /* Project object */;
}
